
Microsoft Visual Studio Solution File, Format Version 12.00
# Visual Studio Version 17
VisualStudioVersion = 17.3.32929.385
MinimumVisualStudioVersion = 10.0.40219.1
Project("{54A90642-561A-4BB1-A94E-469ADEE60C69}") = "sound_dete", "sound_dete\sound_dete.esproj", "{A0F2BB3B-BD08-4BEC-A2F5-4408FA04423A}"
EndProject
Global
	GlobalSection(SolutionConfigurationPlatforms) = preSolution
		Debug|Any CPU = Debug|Any CPU
		Release|Any CPU = Release|Any CPU
	EndGlobalSection
	GlobalSection(ProjectConfigurationPlatforms) = postSolution
		{A0F2BB3B-BD08-4BEC-A2F5-4408FA04423A}.Debug|Any CPU.ActiveCfg = Debug|Any CPU
		{A0F2BB3B-BD08-4BEC-A2F5-4408FA04423A}.Debug|Any CPU.Build.0 = Debug|Any CPU
		{A0F2BB3B-BD08-4BEC-A2F5-4408FA04423A}.Debug|Any CPU.Deploy.0 = Debug|Any CPU
		{A0F2BB3B-BD08-4BEC-A2F5-4408FA04423A}.Release|Any CPU.ActiveCfg = Release|Any CPU
		{A0F2BB3B-BD08-4BEC-A2F5-4408FA04423A}.Release|Any CPU.Build.0 = Release|Any CPU
		{A0F2BB3B-BD08-4BEC-A2F5-4408FA04423A}.Release|Any CPU.Deploy.0 = Release|Any CPU
	EndGlobalSection
	GlobalSection(SolutionProperties) = preSolution
		HideSolutionNode = FALSE
	EndGlobalSection
	GlobalSection(ExtensibilityGlobals) = postSolution
		SolutionGuid = {2CAE822E-7A4D-4CAA-8FE5-F5EAC8D49CF1}
	EndGlobalSection
EndGlobal
